// !$*UTF8*$!
{
	archiveVersion = 1;
	classes = {
	};
	objectVersion = 46;
	objects = {

/* Begin PBXBuildFile section */
		13BE2ADD90D44380AAE84E12 /* libPods.a in Frameworks */ = {isa = PBXBuildFile; fileRef = 0CB6C1756ABD46CE8552A85F /* libPods.a */; };
		A117F27116C1434A002DE8E4 /* YFEditProductViewController.m in Sources */ = {isa = PBXBuildFile; fileRef = A117F27016C1434A002DE8E4 /* YFEditProductViewController.m */; };
		A117F27816C15BF9002DE8E4 /* nav-title.png in Resources */ = {isa = PBXBuildFile; fileRef = A117F27416C15BF9002DE8E4 /* nav-title.png */; };
		A117F27916C15BF9002DE8E4 /* nav-title@2x.png in Resources */ = {isa = PBXBuildFile; fileRef = A117F27516C15BF9002DE8E4 /* nav-title@2x.png */; };
		A117F27A16C15BF9002DE8E4 /* plus.png in Resources */ = {isa = PBXBuildFile; fileRef = A117F27616C15BF9002DE8E4 /* plus.png */; };
		A117F27B16C15BF9002DE8E4 /* plus@2x.png in Resources */ = {isa = PBXBuildFile; fileRef = A117F27716C15BF9002DE8E4 /* plus@2x.png */; };
		A130B5FB16C56D8000E2AAEF /* YFSyncManager.m in Sources */ = {isa = PBXBuildFile; fileRef = A130B5FA16C56D8000E2AAEF /* YFSyncManager.m */; };
		A138510A16B09CED00F56C90 /* CoreData.framework in Frameworks */ = {isa = PBXBuildFile; fileRef = A138510916B09CED00F56C90 /* CoreData.framework */; };
		A138510D16B09DD400F56C90 /* Model.xcdatamodeld in Sources */ = {isa = PBXBuildFile; fileRef = A138510B16B09DD400F56C90 /* Model.xcdatamodeld */; };
		A175840316C05DF7006B3787 /* UIColor+RailsSaasiOSAdditions.m in Sources */ = {isa = PBXBuildFile; fileRef = A175840216C05DF7006B3787 /* UIColor+RailsSaasiOSAdditions.m */; };
		A175840616C05FAF006B3787 /* YFHUDView.m in Sources */ = {isa = PBXBuildFile; fileRef = A175840516C05FAF006B3787 /* YFHUDView.m */; };
		A175840916C06035006B3787 /* UIFont+RailsSaasiOSAdditions.m in Sources */ = {isa = PBXBuildFile; fileRef = A175840816C06035006B3787 /* UIFont+RailsSaasiOSAdditions.m */; };
		A175841116C062B5006B3787 /* YFGroupedTableViewController.m in Sources */ = {isa = PBXBuildFile; fileRef = A175841016C062B5006B3787 /* YFGroupedTableViewController.m */; };
		A175841416C06380006B3787 /* YFPickerViewController.m in Sources */ = {isa = PBXBuildFile; fileRef = A175841316C0637F006B3787 /* YFPickerViewController.m */; };
		A175841716C06421006B3787 /* YFGroupedTableViewCell.m in Sources */ = {isa = PBXBuildFile; fileRef = A175841616C06421006B3787 /* YFGroupedTableViewCell.m */; };
		A175841A16C06DF5006B3787 /* YFDefines.m in Sources */ = {isa = PBXBuildFile; fileRef = A175841916C06DF5006B3787 /* YFDefines.m */; };
		A175841D16C06EF9006B3787 /* YFSettingsFontPickerViewController.m in Sources */ = {isa = PBXBuildFile; fileRef = A175841C16C06EF9006B3787 /* YFSettingsFontPickerViewController.m */; };
		A175842016C06FCE006B3787 /* YFSettingsTextSizePickerViewController.m in Sources */ = {isa = PBXBuildFile; fileRef = A175841F16C06FCE006B3787 /* YFSettingsTextSizePickerViewController.m */; };
		A175842316C079F0006B3787 /* YFManagedTableViewController.m in Sources */ = {isa = PBXBuildFile; fileRef = A175842216C079F0006B3787 /* YFManagedTableViewController.m */; };
		A175842616C07B5C006B3787 /* YFPullToRefreshView.m in Sources */ = {isa = PBXBuildFile; fileRef = A175842516C07B5B006B3787 /* YFPullToRefreshView.m */; };
		A175842916C07BD5006B3787 /* YFPullToRefreshContentView.m in Sources */ = {isa = PBXBuildFile; fileRef = A175842816C07BD5006B3787 /* YFPullToRefreshContentView.m */; };
		A175842C16C07C90006B3787 /* YFLoadingView.m in Sources */ = {isa = PBXBuildFile; fileRef = A175842B16C07C90006B3787 /* YFLoadingView.m */; };
		A175842F16C07E2C006B3787 /* YFTableViewCell.m in Sources */ = {isa = PBXBuildFile; fileRef = A175842E16C07E2C006B3787 /* YFTableViewCell.m */; };
		A1DB64B7169ADDB90004C8BF /* UIKit.framework in Frameworks */ = {isa = PBXBuildFile; fileRef = A1DB64B6169ADDB90004C8BF /* UIKit.framework */; };
		A1DB64B9169ADDB90004C8BF /* Foundation.framework in Frameworks */ = {isa = PBXBuildFile; fileRef = A1DB64B8169ADDB90004C8BF /* Foundation.framework */; };
		A1DB64BB169ADDB90004C8BF /* CoreGraphics.framework in Frameworks */ = {isa = PBXBuildFile; fileRef = A1DB64BA169ADDB90004C8BF /* CoreGraphics.framework */; };
		A1DB64C1169ADDB90004C8BF /* InfoPlist.strings in Resources */ = {isa = PBXBuildFile; fileRef = A1DB64BF169ADDB90004C8BF /* InfoPlist.strings */; };
		A1DB64C3169ADDB90004C8BF /* main.m in Sources */ = {isa = PBXBuildFile; fileRef = A1DB64C2169ADDB90004C8BF /* main.m */; };
		A1DB64C7169ADDB90004C8BF /* YFAppDelegate.m in Sources */ = {isa = PBXBuildFile; fileRef = A1DB64C6169ADDB90004C8BF /* YFAppDelegate.m */; };
		A1DB64C9169ADDB90004C8BF /* Default.png in Resources */ = {isa = PBXBuildFile; fileRef = A1DB64C8169ADDB90004C8BF /* Default.png */; };
		A1DB64CB169ADDB90004C8BF /* Default@2x.png in Resources */ = {isa = PBXBuildFile; fileRef = A1DB64CA169ADDB90004C8BF /* Default@2x.png */; };
		A1DB64CD169ADDB90004C8BF /* Default-568h@2x.png in Resources */ = {isa = PBXBuildFile; fileRef = A1DB64CC169ADDB90004C8BF /* Default-568h@2x.png */; };
		A1DB64D6169ADDB90004C8BF /* YFSignInViewController.m in Sources */ = {isa = PBXBuildFile; fileRef = A1DB64D5169ADDB90004C8BF /* YFSignInViewController.m */; };
		A1DB6504169AECA60004C8BF /* YFRailsSaasApiClient.m in Sources */ = {isa = PBXBuildFile; fileRef = A1DB6503169AECA60004C8BF /* YFRailsSaasApiClient.m */; };
		A1DB6507169AED400004C8BF /* Product.m in Sources */ = {isa = PBXBuildFile; fileRef = A1DB6506169AED400004C8BF /* Product.m */; };
		A1DB6509169AEEA00004C8BF /* SystemConfiguration.framework in Frameworks */ = {isa = PBXBuildFile; fileRef = A1DB6508169AEEA00004C8BF /* SystemConfiguration.framework */; };
		A1DB650B169AEEA90004C8BF /* MobileCoreServices.framework in Frameworks */ = {isa = PBXBuildFile; fileRef = A1DB650A169AEEA90004C8BF /* MobileCoreServices.framework */; };
		A1DB6513169AF14F0004C8BF /* YFProductsViewController.m in Sources */ = {isa = PBXBuildFile; fileRef = A1DB6512169AF14F0004C8BF /* YFProductsViewController.m */; };
		A1DB6516169AF35E0004C8BF /* YFProductTableViewCell.m in Sources */ = {isa = PBXBuildFile; fileRef = A1DB6515169AF35E0004C8BF /* YFProductTableViewCell.m */; };
/* End PBXBuildFile section */

/* Begin PBXFileReference section */
		0CB6C1756ABD46CE8552A85F /* libPods.a */ = {isa = PBXFileReference; explicitFileType = archive.ar; includeInIndex = 0; path = libPods.a; sourceTree = BUILT_PRODUCTS_DIR; };
		1523451F2498466390E475BE /* Pods.xcconfig */ = {isa = PBXFileReference; includeInIndex = 1; lastKnownFileType = text.xcconfig; name = Pods.xcconfig; path = Pods/Pods.xcconfig; sourceTree = SOURCE_ROOT; };
		A117F26F16C1434A002DE8E4 /* YFEditProductViewController.h */ = {isa = PBXFileReference; fileEncoding = 4; lastKnownFileType = sourcecode.c.h; path = YFEditProductViewController.h; sourceTree = "<group>"; };
		A117F27016C1434A002DE8E4 /* YFEditProductViewController.m */ = {isa = PBXFileReference; fileEncoding = 4; lastKnownFileType = sourcecode.c.objc; path = YFEditProductViewController.m; sourceTree = "<group>"; };
		A117F27416C15BF9002DE8E4 /* nav-title.png */ = {isa = PBXFileReference; lastKnownFileType = image.png; path = "nav-title.png"; sourceTree = "<group>"; };
		A117F27516C15BF9002DE8E4 /* nav-title@2x.png */ = {isa = PBXFileReference; lastKnownFileType = image.png; path = "nav-title@2x.png"; sourceTree = "<group>"; };
		A117F27616C15BF9002DE8E4 /* plus.png */ = {isa = PBXFileReference; lastKnownFileType = image.png; path = plus.png; sourceTree = "<group>"; };
		A117F27716C15BF9002DE8E4 /* plus@2x.png */ = {isa = PBXFileReference; lastKnownFileType = image.png; path = "plus@2x.png"; sourceTree = "<group>"; };
		A130B5F916C56D8000E2AAEF /* YFSyncManager.h */ = {isa = PBXFileReference; fileEncoding = 4; lastKnownFileType = sourcecode.c.h; path = YFSyncManager.h; sourceTree = "<group>"; };
		A130B5FA16C56D8000E2AAEF /* YFSyncManager.m */ = {isa = PBXFileReference; fileEncoding = 4; lastKnownFileType = sourcecode.c.objc; path = YFSyncManager.m; sourceTree = "<group>"; };
		A138510916B09CED00F56C90 /* CoreData.framework */ = {isa = PBXFileReference; lastKnownFileType = wrapper.framework; name = CoreData.framework; path = System/Library/Frameworks/CoreData.framework; sourceTree = SDKROOT; };
		A138510C16B09DD400F56C90 /* Model.xcdatamodel */ = {isa = PBXFileReference; lastKnownFileType = wrapper.xcdatamodel; path = Model.xcdatamodel; sourceTree = "<group>"; };
		A175840116C05DF7006B3787 /* UIColor+RailsSaasiOSAdditions.h */ = {isa = PBXFileReference; fileEncoding = 4; lastKnownFileType = sourcecode.c.h; path = "UIColor+RailsSaasiOSAdditions.h"; sourceTree = "<group>"; };
		A175840216C05DF7006B3787 /* UIColor+RailsSaasiOSAdditions.m */ = {isa = PBXFileReference; fileEncoding = 4; lastKnownFileType = sourcecode.c.objc; path = "UIColor+RailsSaasiOSAdditions.m"; sourceTree = "<group>"; };
		A175840416C05FAF006B3787 /* YFHUDView.h */ = {isa = PBXFileReference; fileEncoding = 4; lastKnownFileType = sourcecode.c.h; path = YFHUDView.h; sourceTree = "<group>"; };
		A175840516C05FAF006B3787 /* YFHUDView.m */ = {isa = PBXFileReference; fileEncoding = 4; lastKnownFileType = sourcecode.c.objc; path = YFHUDView.m; sourceTree = "<group>"; };
		A175840716C06035006B3787 /* UIFont+RailsSaasiOSAdditions.h */ = {isa = PBXFileReference; fileEncoding = 4; lastKnownFileType = sourcecode.c.h; path = "UIFont+RailsSaasiOSAdditions.h"; sourceTree = "<group>"; };
		A175840816C06035006B3787 /* UIFont+RailsSaasiOSAdditions.m */ = {isa = PBXFileReference; fileEncoding = 4; lastKnownFileType = sourcecode.c.objc; path = "UIFont+RailsSaasiOSAdditions.m"; sourceTree = "<group>"; };
		A175840F16C062B5006B3787 /* YFGroupedTableViewController.h */ = {isa = PBXFileReference; fileEncoding = 4; lastKnownFileType = sourcecode.c.h; path = YFGroupedTableViewController.h; sourceTree = "<group>"; };
		A175841016C062B5006B3787 /* YFGroupedTableViewController.m */ = {isa = PBXFileReference; fileEncoding = 4; lastKnownFileType = sourcecode.c.objc; path = YFGroupedTableViewController.m; sourceTree = "<group>"; };
		A175841216C0637F006B3787 /* YFPickerViewController.h */ = {isa = PBXFileReference; fileEncoding = 4; lastKnownFileType = sourcecode.c.h; path = YFPickerViewController.h; sourceTree = "<group>"; };
		A175841316C0637F006B3787 /* YFPickerViewController.m */ = {isa = PBXFileReference; fileEncoding = 4; lastKnownFileType = sourcecode.c.objc; path = YFPickerViewController.m; sourceTree = "<group>"; };
		A175841516C06421006B3787 /* YFGroupedTableViewCell.h */ = {isa = PBXFileReference; fileEncoding = 4; lastKnownFileType = sourcecode.c.h; path = YFGroupedTableViewCell.h; sourceTree = "<group>"; };
		A175841616C06421006B3787 /* YFGroupedTableViewCell.m */ = {isa = PBXFileReference; fileEncoding = 4; lastKnownFileType = sourcecode.c.objc; path = YFGroupedTableViewCell.m; sourceTree = "<group>"; };
		A175841816C06D45006B3787 /* YFDefines.h */ = {isa = PBXFileReference; lastKnownFileType = sourcecode.c.h; path = YFDefines.h; sourceTree = "<group>"; };
		A175841916C06DF5006B3787 /* YFDefines.m */ = {isa = PBXFileReference; fileEncoding = 4; lastKnownFileType = sourcecode.c.objc; path = YFDefines.m; sourceTree = "<group>"; };
		A175841B16C06EF9006B3787 /* YFSettingsFontPickerViewController.h */ = {isa = PBXFileReference; fileEncoding = 4; lastKnownFileType = sourcecode.c.h; path = YFSettingsFontPickerViewController.h; sourceTree = "<group>"; };
		A175841C16C06EF9006B3787 /* YFSettingsFontPickerViewController.m */ = {isa = PBXFileReference; fileEncoding = 4; lastKnownFileType = sourcecode.c.objc; path = YFSettingsFontPickerViewController.m; sourceTree = "<group>"; };
		A175841E16C06FCE006B3787 /* YFSettingsTextSizePickerViewController.h */ = {isa = PBXFileReference; fileEncoding = 4; lastKnownFileType = sourcecode.c.h; path = YFSettingsTextSizePickerViewController.h; sourceTree = "<group>"; };
		A175841F16C06FCE006B3787 /* YFSettingsTextSizePickerViewController.m */ = {isa = PBXFileReference; fileEncoding = 4; lastKnownFileType = sourcecode.c.objc; path = YFSettingsTextSizePickerViewController.m; sourceTree = "<group>"; };
		A175842116C079F0006B3787 /* YFManagedTableViewController.h */ = {isa = PBXFileReference; fileEncoding = 4; lastKnownFileType = sourcecode.c.h; path = YFManagedTableViewController.h; sourceTree = "<group>"; };
		A175842216C079F0006B3787 /* YFManagedTableViewController.m */ = {isa = PBXFileReference; fileEncoding = 4; lastKnownFileType = sourcecode.c.objc; path = YFManagedTableViewController.m; sourceTree = "<group>"; };
		A175842416C07B5B006B3787 /* YFPullToRefreshView.h */ = {isa = PBXFileReference; fileEncoding = 4; lastKnownFileType = sourcecode.c.h; path = YFPullToRefreshView.h; sourceTree = "<group>"; };
		A175842516C07B5B006B3787 /* YFPullToRefreshView.m */ = {isa = PBXFileReference; fileEncoding = 4; lastKnownFileType = sourcecode.c.objc; path = YFPullToRefreshView.m; sourceTree = "<group>"; };
		A175842716C07BD5006B3787 /* YFPullToRefreshContentView.h */ = {isa = PBXFileReference; fileEncoding = 4; lastKnownFileType = sourcecode.c.h; path = YFPullToRefreshContentView.h; sourceTree = "<group>"; };
		A175842816C07BD5006B3787 /* YFPullToRefreshContentView.m */ = {isa = PBXFileReference; fileEncoding = 4; lastKnownFileType = sourcecode.c.objc; path = YFPullToRefreshContentView.m; sourceTree = "<group>"; };
		A175842A16C07C8F006B3787 /* YFLoadingView.h */ = {isa = PBXFileReference; fileEncoding = 4; lastKnownFileType = sourcecode.c.h; path = YFLoadingView.h; sourceTree = "<group>"; };
		A175842B16C07C90006B3787 /* YFLoadingView.m */ = {isa = PBXFileReference; fileEncoding = 4; lastKnownFileType = sourcecode.c.objc; path = YFLoadingView.m; sourceTree = "<group>"; };
		A175842D16C07E2C006B3787 /* YFTableViewCell.h */ = {isa = PBXFileReference; fileEncoding = 4; lastKnownFileType = sourcecode.c.h; path = YFTableViewCell.h; sourceTree = "<group>"; };
		A175842E16C07E2C006B3787 /* YFTableViewCell.m */ = {isa = PBXFileReference; fileEncoding = 4; lastKnownFileType = sourcecode.c.objc; path = YFTableViewCell.m; sourceTree = "<group>"; };
		A1DB64B2169ADDB90004C8BF /* rails-saas-ios.app */ = {isa = PBXFileReference; explicitFileType = wrapper.application; includeInIndex = 0; path = "rails-saas-ios.app"; sourceTree = BUILT_PRODUCTS_DIR; };
		A1DB64B6169ADDB90004C8BF /* UIKit.framework */ = {isa = PBXFileReference; lastKnownFileType = wrapper.framework; name = UIKit.framework; path = System/Library/Frameworks/UIKit.framework; sourceTree = SDKROOT; };
		A1DB64B8169ADDB90004C8BF /* Foundation.framework */ = {isa = PBXFileReference; lastKnownFileType = wrapper.framework; name = Foundation.framework; path = System/Library/Frameworks/Foundation.framework; sourceTree = SDKROOT; };
		A1DB64BA169ADDB90004C8BF /* CoreGraphics.framework */ = {isa = PBXFileReference; lastKnownFileType = wrapper.framework; name = CoreGraphics.framework; path = System/Library/Frameworks/CoreGraphics.framework; sourceTree = SDKROOT; };
		A1DB64BE169ADDB90004C8BF /* rails-saas-ios-Info.plist */ = {isa = PBXFileReference; lastKnownFileType = text.plist.xml; path = "rails-saas-ios-Info.plist"; sourceTree = "<group>"; };
		A1DB64C0169ADDB90004C8BF /* en */ = {isa = PBXFileReference; lastKnownFileType = text.plist.strings; name = en; path = en.lproj/InfoPlist.strings; sourceTree = "<group>"; };
		A1DB64C2169ADDB90004C8BF /* main.m */ = {isa = PBXFileReference; lastKnownFileType = sourcecode.c.objc; path = main.m; sourceTree = "<group>"; };
		A1DB64C4169ADDB90004C8BF /* rails-saas-ios-Prefix.pch */ = {isa = PBXFileReference; lastKnownFileType = sourcecode.c.h; path = "rails-saas-ios-Prefix.pch"; sourceTree = "<group>"; };
		A1DB64C5169ADDB90004C8BF /* YFAppDelegate.h */ = {isa = PBXFileReference; lastKnownFileType = sourcecode.c.h; path = YFAppDelegate.h; sourceTree = "<group>"; };
		A1DB64C6169ADDB90004C8BF /* YFAppDelegate.m */ = {isa = PBXFileReference; lastKnownFileType = sourcecode.c.objc; path = YFAppDelegate.m; sourceTree = "<group>"; };
		A1DB64C8169ADDB90004C8BF /* Default.png */ = {isa = PBXFileReference; lastKnownFileType = image.png; path = Default.png; sourceTree = "<group>"; };
		A1DB64CA169ADDB90004C8BF /* Default@2x.png */ = {isa = PBXFileReference; lastKnownFileType = image.png; path = "Default@2x.png"; sourceTree = "<group>"; };
		A1DB64CC169ADDB90004C8BF /* Default-568h@2x.png */ = {isa = PBXFileReference; lastKnownFileType = image.png; path = "Default-568h@2x.png"; sourceTree = "<group>"; };
		A1DB64D4169ADDB90004C8BF /* YFSignInViewController.h */ = {isa = PBXFileReference; lastKnownFileType = sourcecode.c.h; path = YFSignInViewController.h; sourceTree = "<group>"; };
		A1DB64D5169ADDB90004C8BF /* YFSignInViewController.m */ = {isa = PBXFileReference; lastKnownFileType = sourcecode.c.objc; path = YFSignInViewController.m; sourceTree = "<group>"; };
		A1DB6502169AECA60004C8BF /* YFRailsSaasApiClient.h */ = {isa = PBXFileReference; fileEncoding = 4; lastKnownFileType = sourcecode.c.h; path = YFRailsSaasApiClient.h; sourceTree = "<group>"; };
		A1DB6503169AECA60004C8BF /* YFRailsSaasApiClient.m */ = {isa = PBXFileReference; fileEncoding = 4; lastKnownFileType = sourcecode.c.objc; path = YFRailsSaasApiClient.m; sourceTree = "<group>"; };
		A1DB6505169AED400004C8BF /* Product.h */ = {isa = PBXFileReference; fileEncoding = 4; lastKnownFileType = sourcecode.c.h; path = Product.h; sourceTree = "<group>"; };
		A1DB6506169AED400004C8BF /* Product.m */ = {isa = PBXFileReference; fileEncoding = 4; lastKnownFileType = sourcecode.c.objc; path = Product.m; sourceTree = "<group>"; };
		A1DB6508169AEEA00004C8BF /* SystemConfiguration.framework */ = {isa = PBXFileReference; lastKnownFileType = wrapper.framework; name = SystemConfiguration.framework; path = System/Library/Frameworks/SystemConfiguration.framework; sourceTree = SDKROOT; };
		A1DB650A169AEEA90004C8BF /* MobileCoreServices.framework */ = {isa = PBXFileReference; lastKnownFileType = wrapper.framework; name = MobileCoreServices.framework; path = System/Library/Frameworks/MobileCoreServices.framework; sourceTree = SDKROOT; };
		A1DB6511169AF14F0004C8BF /* YFProductsViewController.h */ = {isa = PBXFileReference; fileEncoding = 4; lastKnownFileType = sourcecode.c.h; path = YFProductsViewController.h; sourceTree = "<group>"; };
		A1DB6512169AF14F0004C8BF /* YFProductsViewController.m */ = {isa = PBXFileReference; fileEncoding = 4; lastKnownFileType = sourcecode.c.objc; path = YFProductsViewController.m; sourceTree = "<group>"; };
		A1DB6514169AF35E0004C8BF /* YFProductTableViewCell.h */ = {isa = PBXFileReference; fileEncoding = 4; lastKnownFileType = sourcecode.c.h; path = YFProductTableViewCell.h; sourceTree = "<group>"; };
		A1DB6515169AF35E0004C8BF /* YFProductTableViewCell.m */ = {isa = PBXFileReference; fileEncoding = 4; lastKnownFileType = sourcecode.c.objc; path = YFProductTableViewCell.m; sourceTree = "<group>"; };
/* End PBXFileReference section */

/* Begin PBXFrameworksBuildPhase section */
		A1DB64AF169ADDB90004C8BF /* Frameworks */ = {
			isa = PBXFrameworksBuildPhase;
			buildActionMask = 2147483647;
			files = (
				A138510A16B09CED00F56C90 /* CoreData.framework in Frameworks */,
				A1DB650B169AEEA90004C8BF /* MobileCoreServices.framework in Frameworks */,
				A1DB6509169AEEA00004C8BF /* SystemConfiguration.framework in Frameworks */,
				A1DB64B7169ADDB90004C8BF /* UIKit.framework in Frameworks */,
				A1DB64B9169ADDB90004C8BF /* Foundation.framework in Frameworks */,
				A1DB64BB169ADDB90004C8BF /* CoreGraphics.framework in Frameworks */,
				13BE2ADD90D44380AAE84E12 /* libPods.a in Frameworks */,
			);
			runOnlyForDeploymentPostprocessing = 0;
		};
/* End PBXFrameworksBuildPhase section */

/* Begin PBXGroup section */
		A117F27216C15BC1002DE8E4 /* Resources */ = {
			isa = PBXGroup;
			children = (
				A117F27316C15BCA002DE8E4 /* Images */,
			);
			name = Resources;
			sourceTree = "<group>";
		};
		A117F27316C15BCA002DE8E4 /* Images */ = {
			isa = PBXGroup;
			children = (
				A117F27416C15BF9002DE8E4 /* nav-title.png */,
				A117F27516C15BF9002DE8E4 /* nav-title@2x.png */,
				A117F27616C15BF9002DE8E4 /* plus.png */,
				A117F27716C15BF9002DE8E4 /* plus@2x.png */,
			);
			name = Images;
			sourceTree = "<group>";
		};
		A17583FA16C053C0006B3787 /* Application */ = {
			isa = PBXGroup;
			children = (
				A1DB64C5169ADDB90004C8BF /* YFAppDelegate.h */,
				A1DB64C6169ADDB90004C8BF /* YFAppDelegate.m */,
			);
			name = Application;
			sourceTree = "<group>";
		};
		A17583FB16C053F7006B3787 /* Controllers */ = {
			isa = PBXGroup;
			children = (
				A175840C16C06265006B3787 /* Abstract */,
				A175840B16C06257006B3787 /* Products */,
				A175840D16C0626D006B3787 /* Settings */,
				A175840A16C06246006B3787 /* SignIn */,
			);
			name = Controllers;
			sourceTree = "<group>";
		};
		A17583FC16C053FF006B3787 /* Views */ = {
			isa = PBXGroup;
			children = (
				A17583FF16C05767006B3787 /* Cells */,
				A175840416C05FAF006B3787 /* YFHUDView.h */,
				A175840516C05FAF006B3787 /* YFHUDView.m */,
				A175842416C07B5B006B3787 /* YFPullToRefreshView.h */,
				A175842516C07B5B006B3787 /* YFPullToRefreshView.m */,
				A175842716C07BD5006B3787 /* YFPullToRefreshContentView.h */,
				A175842816C07BD5006B3787 /* YFPullToRefreshContentView.m */,
				A175842A16C07C8F006B3787 /* YFLoadingView.h */,
				A175842B16C07C90006B3787 /* YFLoadingView.m */,
			);
			name = Views;
			sourceTree = "<group>";
		};
		A17583FD16C05405006B3787 /* Model */ = {
			isa = PBXGroup;
			children = (
				A138510B16B09DD400F56C90 /* Model.xcdatamodeld */,
				A1DB6505169AED400004C8BF /* Product.h */,
				A1DB6506169AED400004C8BF /* Product.m */,
			);
			name = Model;
			sourceTree = "<group>";
		};
		A17583FE16C054AE006B3787 /* Networking */ = {
			isa = PBXGroup;
			children = (
				A1DB6502169AECA60004C8BF /* YFRailsSaasApiClient.h */,
				A1DB6503169AECA60004C8BF /* YFRailsSaasApiClient.m */,
				A130B5F916C56D8000E2AAEF /* YFSyncManager.h */,
				A130B5FA16C56D8000E2AAEF /* YFSyncManager.m */,
			);
			name = Networking;
			sourceTree = "<group>";
		};
		A17583FF16C05767006B3787 /* Cells */ = {
			isa = PBXGroup;
			children = (
				A175841516C06421006B3787 /* YFGroupedTableViewCell.h */,
				A175841616C06421006B3787 /* YFGroupedTableViewCell.m */,
				A1DB6514169AF35E0004C8BF /* YFProductTableViewCell.h */,
				A1DB6515169AF35E0004C8BF /* YFProductTableViewCell.m */,
				A175842D16C07E2C006B3787 /* YFTableViewCell.h */,
				A175842E16C07E2C006B3787 /* YFTableViewCell.m */,
			);
			name = Cells;
			sourceTree = "<group>";
		};
		A175840016C05D9E006B3787 /* Categories */ = {
			isa = PBXGroup;
			children = (
				A175840116C05DF7006B3787 /* UIColor+RailsSaasiOSAdditions.h */,
				A175840216C05DF7006B3787 /* UIColor+RailsSaasiOSAdditions.m */,
				A175840716C06035006B3787 /* UIFont+RailsSaasiOSAdditions.h */,
				A175840816C06035006B3787 /* UIFont+RailsSaasiOSAdditions.m */,
			);
			name = Categories;
			sourceTree = "<group>";
		};
		A175840A16C06246006B3787 /* SignIn */ = {
			isa = PBXGroup;
			children = (
				A1DB64D4169ADDB90004C8BF /* YFSignInViewController.h */,
				A1DB64D5169ADDB90004C8BF /* YFSignInViewController.m */,
			);
			name = SignIn;
			sourceTree = "<group>";
		};
		A175840B16C06257006B3787 /* Products */ = {
			isa = PBXGroup;
			children = (
				A1DB6511169AF14F0004C8BF /* YFProductsViewController.h */,
				A1DB6512169AF14F0004C8BF /* YFProductsViewController.m */,
				A117F26F16C1434A002DE8E4 /* YFEditProductViewController.h */,
				A117F27016C1434A002DE8E4 /* YFEditProductViewController.m */,
			);
			name = Products;
			sourceTree = "<group>";
		};
		A175840C16C06265006B3787 /* Abstract */ = {
			isa = PBXGroup;
			children = (
				A175840F16C062B5006B3787 /* YFGroupedTableViewController.h */,
				A175841016C062B5006B3787 /* YFGroupedTableViewController.m */,
				A175842116C079F0006B3787 /* YFManagedTableViewController.h */,
				A175842216C079F0006B3787 /* YFManagedTableViewController.m */,
				A175841216C0637F006B3787 /* YFPickerViewController.h */,
				A175841316C0637F006B3787 /* YFPickerViewController.m */,
			);
			name = Abstract;
			sourceTree = "<group>";
		};
		A175840D16C0626D006B3787 /* Settings */ = {
			isa = PBXGroup;
			children = (
				A175841B16C06EF9006B3787 /* YFSettingsFontPickerViewController.h */,
				A175841C16C06EF9006B3787 /* YFSettingsFontPickerViewController.m */,
				A175841E16C06FCE006B3787 /* YFSettingsTextSizePickerViewController.h */,
				A175841F16C06FCE006B3787 /* YFSettingsTextSizePickerViewController.m */,
			);
			name = Settings;
			sourceTree = "<group>";
		};
		A1DB64A7169ADDB90004C8BF = {
			isa = PBXGroup;
			children = (
				A1DB64BC169ADDB90004C8BF /* Classes */,
				A1DB64B5169ADDB90004C8BF /* Frameworks */,
				A1DB64B3169ADDB90004C8BF /* Products */,
				A117F27216C15BC1002DE8E4 /* Resources */,
				A1DB64BD169ADDB90004C8BF /* Supporting Files */,
			);
			sourceTree = "<group>";
		};
		A1DB64B3169ADDB90004C8BF /* Products */ = {
			isa = PBXGroup;
			children = (
				A1DB64B2169ADDB90004C8BF /* rails-saas-ios.app */,
			);
			name = Products;
			sourceTree = "<group>";
		};
		A1DB64B5169ADDB90004C8BF /* Frameworks */ = {
			isa = PBXGroup;
			children = (
				A138510916B09CED00F56C90 /* CoreData.framework */,
				A1DB64BA169ADDB90004C8BF /* CoreGraphics.framework */,
				A1DB64B8169ADDB90004C8BF /* Foundation.framework */,
				0CB6C1756ABD46CE8552A85F /* libPods.a */,
				A1DB650A169AEEA90004C8BF /* MobileCoreServices.framework */,
				A1DB6508169AEEA00004C8BF /* SystemConfiguration.framework */,
				A1DB64B6169ADDB90004C8BF /* UIKit.framework */,
			);
			name = Frameworks;
			sourceTree = "<group>";
		};
		A1DB64BC169ADDB90004C8BF /* Classes */ = {
			isa = PBXGroup;
			children = (
				A17583FA16C053C0006B3787 /* Application */,
				A175840016C05D9E006B3787 /* Categories */,
				A17583FB16C053F7006B3787 /* Controllers */,
				A17583FD16C05405006B3787 /* Model */,
				A17583FE16C054AE006B3787 /* Networking */,
				A17583FC16C053FF006B3787 /* Views */,
			);
			name = Classes;
			path = "rails-saas-ios";
			sourceTree = "<group>";
		};
		A1DB64BD169ADDB90004C8BF /* Supporting Files */ = {
			isa = PBXGroup;
			children = (
				1523451F2498466390E475BE /* Pods.xcconfig */,
				A1DB64CC169ADDB90004C8BF /* Default-568h@2x.png */,
				A1DB64C8169ADDB90004C8BF /* Default.png */,
				A1DB64CA169ADDB90004C8BF /* Default@2x.png */,
				A1DB64BF169ADDB90004C8BF /* InfoPlist.strings */,
				A1DB64C2169ADDB90004C8BF /* main.m */,
				A1DB64BE169ADDB90004C8BF /* rails-saas-ios-Info.plist */,
				A1DB64C4169ADDB90004C8BF /* rails-saas-ios-Prefix.pch */,
				A175841816C06D45006B3787 /* YFDefines.h */,
				A175841916C06DF5006B3787 /* YFDefines.m */,
			);
			name = "Supporting Files";
			path = "rails-saas-ios";
			sourceTree = "<group>";
		};
/* End PBXGroup section */

/* Begin PBXNativeTarget section */
		A1DB64B1169ADDB90004C8BF /* rails-saas-ios */ = {
			isa = PBXNativeTarget;
			buildConfigurationList = A1DB64D9169ADDB90004C8BF /* Build configuration list for PBXNativeTarget "rails-saas-ios" */;
			buildPhases = (
				A1DB64AE169ADDB90004C8BF /* Sources */,
				A1DB64AF169ADDB90004C8BF /* Frameworks */,
				A1DB64B0169ADDB90004C8BF /* Resources */,
				6A79F2F63E6B4493BF17C6C8 /* Copy Pods Resources */,
			);
			buildRules = (
			);
			dependencies = (
			);
			name = "rails-saas-ios";
			productName = "rails-saas-ios";
			productReference = A1DB64B2169ADDB90004C8BF /* rails-saas-ios.app */;
			productType = "com.apple.product-type.application";
		};
/* End PBXNativeTarget section */

/* Begin PBXProject section */
		A1DB64A9169ADDB90004C8BF /* Project object */ = {
			isa = PBXProject;
			attributes = {
				CLASSPREFIX = YF;
				LastUpgradeCheck = 0450;
				ORGANIZATIONNAME = "Yellow Feather Ltd";
			};
			buildConfigurationList = A1DB64AC169ADDB90004C8BF /* Build configuration list for PBXProject "rails-saas-ios" */;
			compatibilityVersion = "Xcode 3.2";
			developmentRegion = English;
			hasScannedForEncodings = 0;
			knownRegions = (
				en,
			);
			mainGroup = A1DB64A7169ADDB90004C8BF;
			productRefGroup = A1DB64B3169ADDB90004C8BF /* Products */;
			projectDirPath = "";
			projectRoot = "";
			targets = (
				A1DB64B1169ADDB90004C8BF /* rails-saas-ios */,
			);
		};
/* End PBXProject section */

/* Begin PBXResourcesBuildPhase section */
		A1DB64B0169ADDB90004C8BF /* Resources */ = {
			isa = PBXResourcesBuildPhase;
			buildActionMask = 2147483647;
			files = (
				A1DB64C1169ADDB90004C8BF /* InfoPlist.strings in Resources */,
				A1DB64C9169ADDB90004C8BF /* Default.png in Resources */,
				A1DB64CB169ADDB90004C8BF /* Default@2x.png in Resources */,
				A1DB64CD169ADDB90004C8BF /* Default-568h@2x.png in Resources */,
				A117F27816C15BF9002DE8E4 /* nav-title.png in Resources */,
				A117F27916C15BF9002DE8E4 /* nav-title@2x.png in Resources */,
				A117F27A16C15BF9002DE8E4 /* plus.png in Resources */,
				A117F27B16C15BF9002DE8E4 /* plus@2x.png in Resources */,
			);
			runOnlyForDeploymentPostprocessing = 0;
		};
/* End PBXResourcesBuildPhase section */

/* Begin PBXShellScriptBuildPhase section */
		6A79F2F63E6B4493BF17C6C8 /* Copy Pods Resources */ = {
			isa = PBXShellScriptBuildPhase;
			buildActionMask = 2147483647;
			files = (
			);
			inputPaths = (
			);
			name = "Copy Pods Resources";
			outputPaths = (
			);
			runOnlyForDeploymentPostprocessing = 0;
			shellPath = /bin/sh;
			shellScript = "\"${SRCROOT}/Pods/Pods-resources.sh\"\n";
		};
/* End PBXShellScriptBuildPhase section */

/* Begin PBXSourcesBuildPhase section */
		A1DB64AE169ADDB90004C8BF /* Sources */ = {
			isa = PBXSourcesBuildPhase;
			buildActionMask = 2147483647;
			files = (
				A1DB64C3169ADDB90004C8BF /* main.m in Sources */,
				A1DB64C7169ADDB90004C8BF /* YFAppDelegate.m in Sources */,
				A1DB64D6169ADDB90004C8BF /* YFSignInViewController.m in Sources */,
				A1DB6504169AECA60004C8BF /* YFRailsSaasApiClient.m in Sources */,
				A1DB6507169AED400004C8BF /* Product.m in Sources */,
				A1DB6513169AF14F0004C8BF /* YFProductsViewController.m in Sources */,
				A1DB6516169AF35E0004C8BF /* YFProductTableViewCell.m in Sources */,
				A138510D16B09DD400F56C90 /* Model.xcdatamodeld in Sources */,
				A175840316C05DF7006B3787 /* UIColor+RailsSaasiOSAdditions.m in Sources */,
				A175840616C05FAF006B3787 /* YFHUDView.m in Sources */,
				A175840916C06035006B3787 /* UIFont+RailsSaasiOSAdditions.m in Sources */,
				A175841116C062B5006B3787 /* YFGroupedTableViewController.m in Sources */,
				A175841416C06380006B3787 /* YFPickerViewController.m in Sources */,
				A175841716C06421006B3787 /* YFGroupedTableViewCell.m in Sources */,
				A175841A16C06DF5006B3787 /* YFDefines.m in Sources */,
				A175841D16C06EF9006B3787 /* YFSettingsFontPickerViewController.m in Sources */,
				A175842016C06FCE006B3787 /* YFSettingsTextSizePickerViewController.m in Sources */,
				A175842316C079F0006B3787 /* YFManagedTableViewController.m in Sources */,
				A175842616C07B5C006B3787 /* YFPullToRefreshView.m in Sources */,
				A175842916C07BD5006B3787 /* YFPullToRefreshContentView.m in Sources */,
				A175842C16C07C90006B3787 /* YFLoadingView.m in Sources */,
				A175842F16C07E2C006B3787 /* YFTableViewCell.m in Sources */,
				A117F27116C1434A002DE8E4 /* YFEditProductViewController.m in Sources */,
				A130B5FB16C56D8000E2AAEF /* YFSyncManager.m in Sources */,
			);
			runOnlyForDeploymentPostprocessing = 0;
		};
/* End PBXSourcesBuildPhase section */

/* Begin PBXVariantGroup section */
		A1DB64BF169ADDB90004C8BF /* InfoPlist.strings */ = {
			isa = PBXVariantGroup;
			children = (
				A1DB64C0169ADDB90004C8BF /* en */,
			);
			name = InfoPlist.strings;
			sourceTree = "<group>";
		};
/* End PBXVariantGroup section */

/* Begin XCBuildConfiguration section */
		A1DB64D7169ADDB90004C8BF /* Debug */ = {
			isa = XCBuildConfiguration;
			buildSettings = {
				ALWAYS_SEARCH_USER_PATHS = NO;
				CLANG_CXX_LANGUAGE_STANDARD = "gnu++0x";
				CLANG_CXX_LIBRARY = "libc++";
				CLANG_ENABLE_OBJC_ARC = YES;
				CLANG_WARN_EMPTY_BODY = YES;
				CLANG_WARN__DUPLICATE_METHOD_MATCH = YES;
				"CODE_SIGN_IDENTITY[sdk=iphoneos*]" = "iPhone Developer";
				COPY_PHASE_STRIP = NO;
				GCC_C_LANGUAGE_STANDARD = gnu99;
				GCC_DYNAMIC_NO_PIC = NO;
				GCC_OPTIMIZATION_LEVEL = 0;
				GCC_PREPROCESSOR_DEFINITIONS = (
					"DEBUG=1",
					"$(inherited)",
				);
				GCC_SYMBOLS_PRIVATE_EXTERN = NO;
				GCC_WARN_ABOUT_RETURN_TYPE = YES;
				GCC_WARN_UNINITIALIZED_AUTOS = YES;
				GCC_WARN_UNUSED_VARIABLE = YES;
				IPHONEOS_DEPLOYMENT_TARGET = 6.0;
				ONLY_ACTIVE_ARCH = YES;
				SDKROOT = iphoneos;
				TARGETED_DEVICE_FAMILY = "1,2";
			};
			name = Debug;
		};
		A1DB64D8169ADDB90004C8BF /* Release */ = {
			isa = XCBuildConfiguration;
			buildSettings = {
				ALWAYS_SEARCH_USER_PATHS = NO;
				CLANG_CXX_LANGUAGE_STANDARD = "gnu++0x";
				CLANG_CXX_LIBRARY = "libc++";
				CLANG_ENABLE_OBJC_ARC = YES;
				CLANG_WARN_EMPTY_BODY = YES;
				CLANG_WARN__DUPLICATE_METHOD_MATCH = YES;
				"CODE_SIGN_IDENTITY[sdk=iphoneos*]" = "iPhone Developer";
				COPY_PHASE_STRIP = YES;
				GCC_C_LANGUAGE_STANDARD = gnu99;
				GCC_WARN_ABOUT_RETURN_TYPE = YES;
				GCC_WARN_UNINITIALIZED_AUTOS = YES;
				GCC_WARN_UNUSED_VARIABLE = YES;
				IPHONEOS_DEPLOYMENT_TARGET = 6.0;
				OTHER_CFLAGS = "-DNS_BLOCK_ASSERTIONS=1";
				SDKROOT = iphoneos;
				TARGETED_DEVICE_FAMILY = "1,2";
				VALIDATE_PRODUCT = YES;
			};
			name = Release;
		};
		A1DB64DA169ADDB90004C8BF /* Debug */ = {
			isa = XCBuildConfiguration;
			baseConfigurationReference = 1523451F2498466390E475BE /* Pods.xcconfig */;
			buildSettings = {
				GCC_PRECOMPILE_PREFIX_HEADER = YES;
				GCC_PREFIX_HEADER = "rails-saas-ios/rails-saas-ios-Prefix.pch";
				INFOPLIST_FILE = "rails-saas-ios/rails-saas-ios-Info.plist";
				IPHONEOS_DEPLOYMENT_TARGET = 6.0;
				PRODUCT_NAME = "$(TARGET_NAME)";
				WRAPPER_EXTENSION = app;
			};
			name = Debug;
		};
		A1DB64DB169ADDB90004C8BF /* Release */ = {
			isa = XCBuildConfiguration;
			baseConfigurationReference = 1523451F2498466390E475BE /* Pods.xcconfig */;
			buildSettings = {
				GCC_PRECOMPILE_PREFIX_HEADER = YES;
				GCC_PREFIX_HEADER = "rails-saas-ios/rails-saas-ios-Prefix.pch";
				INFOPLIST_FILE = "rails-saas-ios/rails-saas-ios-Info.plist";
				IPHONEOS_DEPLOYMENT_TARGET = 6.0;
				PRODUCT_NAME = "$(TARGET_NAME)";
				WRAPPER_EXTENSION = app;
			};
			name = Release;
		};
/* End XCBuildConfiguration section */

/* Begin XCConfigurationList section */
		A1DB64AC169ADDB90004C8BF /* Build configuration list for PBXProject "rails-saas-ios" */ = {
			isa = XCConfigurationList;
			buildConfigurations = (
				A1DB64D7169ADDB90004C8BF /* Debug */,
				A1DB64D8169ADDB90004C8BF /* Release */,
			);
			defaultConfigurationIsVisible = 0;
			defaultConfigurationName = Release;
		};
		A1DB64D9169ADDB90004C8BF /* Build configuration list for PBXNativeTarget "rails-saas-ios" */ = {
			isa = XCConfigurationList;
			buildConfigurations = (
				A1DB64DA169ADDB90004C8BF /* Debug */,
				A1DB64DB169ADDB90004C8BF /* Release */,
			);
			defaultConfigurationIsVisible = 0;
			defaultConfigurationName = Release;
		};
/* End XCConfigurationList section */

/* Begin XCVersionGroup section */
		A138510B16B09DD400F56C90 /* Model.xcdatamodeld */ = {
			isa = XCVersionGroup;
			children = (
				A138510C16B09DD400F56C90 /* Model.xcdatamodel */,
			);
			currentVersion = A138510C16B09DD400F56C90 /* Model.xcdatamodel */;
			path = Model.xcdatamodeld;
			sourceTree = "<group>";
			versionGroupType = wrapper.xcdatamodel;
		};
/* End XCVersionGroup section */
	};
	rootObject = A1DB64A9169ADDB90004C8BF /* Project object */;
}
